// !$*UTF8*$!
{
	archiveVersion = 1;
	classes = {
	};
	objectVersion = 56;
	objects = {

/* Begin PBXBuildFile section */
		BC9512112C7D8AFC0049D71D /* MedicPage.swift in Sources */ = {isa = PBXBuildFile; fileRef = BC9512102C7D8AFC0049D71D /* MedicPage.swift */; };
		BC9512132C7D91B10049D71D /* MedicInfo.swift in Sources */ = {isa = PBXBuildFile; fileRef = BC9512122C7D91B10049D71D /* MedicInfo.swift */; };
		BCC079EF2C79BB2C005345DB /* MedTableCell.swift in Sources */ = {isa = PBXBuildFile; fileRef = BCC079EE2C79BB2C005345DB /* MedTableCell.swift */; };
		BCC1823B2C7AE82A00A1DDF2 /* FilterButton.swift in Sources */ = {isa = PBXBuildFile; fileRef = BCC1823A2C7AE82A00A1DDF2 /* FilterButton.swift */; };
		BCC608502C783E0500EB5575 /* HealthcareApp.swift in Sources */ = {isa = PBXBuildFile; fileRef = BCC6084F2C783E0500EB5575 /* HealthcareApp.swift */; };
		BCC608522C783E0500EB5575 /* RootView.swift in Sources */ = {isa = PBXBuildFile; fileRef = BCC608512C783E0500EB5575 /* RootView.swift */; };
		BCC608562C783E0700EB5575 /* Assets.xcassets in Resources */ = {isa = PBXBuildFile; fileRef = BCC608552C783E0700EB5575 /* Assets.xcassets */; };
		BCC608592C783E0700EB5575 /* Preview Assets.xcassets in Resources */ = {isa = PBXBuildFile; fileRef = BCC608582C783E0700EB5575 /* Preview Assets.xcassets */; };
		BCC608802C78414F00EB5575 /* TabBarController.swift in Sources */ = {isa = PBXBuildFile; fileRef = BCC6087F2C78414F00EB5575 /* TabBarController.swift */; };
		BCC608832C7847C400EB5575 /* HomePage.swift in Sources */ = {isa = PBXBuildFile; fileRef = BCC608822C7847C400EB5575 /* HomePage.swift */; };
		BCC608862C784EEA00EB5575 /* TabBarItem.swift in Sources */ = {isa = PBXBuildFile; fileRef = BCC608852C784EEA00EB5575 /* TabBarItem.swift */; };
		BCC608892C78572400EB5575 /* Fonts.swift in Sources */ = {isa = PBXBuildFile; fileRef = BCC608882C78572400EB5575 /* Fonts.swift */; };
		BCCC23E02C7B0BAC00E0A260 /* Filter.swift in Sources */ = {isa = PBXBuildFile; fileRef = BCCC23DF2C7B0BAC00E0A260 /* Filter.swift */; };
		BCCC23E22C7B0BC200E0A260 /* Tabs.swift in Sources */ = {isa = PBXBuildFile; fileRef = BCCC23E12C7B0BC200E0A260 /* Tabs.swift */; };
		BCD465CD2C7C3CD200D3177A /* SearchBar.swift in Sources */ = {isa = PBXBuildFile; fileRef = BCD465CC2C7C3CD200D3177A /* SearchBar.swift */; };
		BCD465CF2C7C3E6900D3177A /* HomePageFilter.swift in Sources */ = {isa = PBXBuildFile; fileRef = BCD465CE2C7C3E6900D3177A /* HomePageFilter.swift */; };
/* End PBXBuildFile section */

/* Begin PBXFileReference section */
		BC9512102C7D8AFC0049D71D /* MedicPage.swift */ = {isa = PBXFileReference; lastKnownFileType = sourcecode.swift; path = MedicPage.swift; sourceTree = "<group>"; };
		BC9512122C7D91B10049D71D /* MedicInfo.swift */ = {isa = PBXFileReference; lastKnownFileType = sourcecode.swift; path = MedicInfo.swift; sourceTree = "<group>"; };
		BCC079EE2C79BB2C005345DB /* MedTableCell.swift */ = {isa = PBXFileReference; lastKnownFileType = sourcecode.swift; path = MedTableCell.swift; sourceTree = "<group>"; };
		BCC1823A2C7AE82A00A1DDF2 /* FilterButton.swift */ = {isa = PBXFileReference; lastKnownFileType = sourcecode.swift; path = FilterButton.swift; sourceTree = "<group>"; };
		BCC6084C2C783E0500EB5575 /* Healthcare.app */ = {isa = PBXFileReference; explicitFileType = wrapper.application; includeInIndex = 0; path = Healthcare.app; sourceTree = BUILT_PRODUCTS_DIR; };
		BCC6084F2C783E0500EB5575 /* HealthcareApp.swift */ = {isa = PBXFileReference; lastKnownFileType = sourcecode.swift; path = HealthcareApp.swift; sourceTree = "<group>"; };
		BCC608512C783E0500EB5575 /* RootView.swift */ = {isa = PBXFileReference; lastKnownFileType = sourcecode.swift; path = RootView.swift; sourceTree = "<group>"; };
		BCC608552C783E0700EB5575 /* Assets.xcassets */ = {isa = PBXFileReference; lastKnownFileType = folder.assetcatalog; path = Assets.xcassets; sourceTree = "<group>"; };
		BCC608582C783E0700EB5575 /* Preview Assets.xcassets */ = {isa = PBXFileReference; lastKnownFileType = folder.assetcatalog; path = "Preview Assets.xcassets"; sourceTree = "<group>"; };
		BCC6087F2C78414F00EB5575 /* TabBarController.swift */ = {isa = PBXFileReference; lastKnownFileType = sourcecode.swift; path = TabBarController.swift; sourceTree = "<group>"; };
		BCC608822C7847C400EB5575 /* HomePage.swift */ = {isa = PBXFileReference; lastKnownFileType = sourcecode.swift; path = HomePage.swift; sourceTree = "<group>"; };
		BCC608852C784EEA00EB5575 /* TabBarItem.swift */ = {isa = PBXFileReference; lastKnownFileType = sourcecode.swift; path = TabBarItem.swift; sourceTree = "<group>"; };
		BCC608882C78572400EB5575 /* Fonts.swift */ = {isa = PBXFileReference; lastKnownFileType = sourcecode.swift; path = Fonts.swift; sourceTree = "<group>"; };
		BCCC23DF2C7B0BAC00E0A260 /* Filter.swift */ = {isa = PBXFileReference; lastKnownFileType = sourcecode.swift; path = Filter.swift; sourceTree = "<group>"; };
		BCCC23E12C7B0BC200E0A260 /* Tabs.swift */ = {isa = PBXFileReference; lastKnownFileType = sourcecode.swift; path = Tabs.swift; sourceTree = "<group>"; };
		BCD465CC2C7C3CD200D3177A /* SearchBar.swift */ = {isa = PBXFileReference; lastKnownFileType = sourcecode.swift; path = SearchBar.swift; sourceTree = "<group>"; };
		BCD465CE2C7C3E6900D3177A /* HomePageFilter.swift */ = {isa = PBXFileReference; lastKnownFileType = sourcecode.swift; name = HomePageFilter.swift; path = ../../CustomViews/HomePageFilter.swift; sourceTree = "<group>"; };
/* End PBXFileReference section */

/* Begin PBXFrameworksBuildPhase section */
		BCC608492C783E0500EB5575 /* Frameworks */ = {
			isa = PBXFrameworksBuildPhase;
			buildActionMask = 2147483647;
			files = (
			);
			runOnlyForDeploymentPostprocessing = 0;
		};
/* End PBXFrameworksBuildPhase section */

/* Begin PBXGroup section */
		BC9512142C7D926B0049D71D /* MedicCell */ = {
			isa = PBXGroup;
			children = (
				BC9512122C7D91B10049D71D /* MedicInfo.swift */,
				BCC079EE2C79BB2C005345DB /* MedTableCell.swift */,
			);
			path = MedicCell;
			sourceTree = "<group>";
		};
		BCB738F02C7D8A9500135B79 /* MedicPage */ = {
			isa = PBXGroup;
			children = (
				BC9512102C7D8AFC0049D71D /* MedicPage.swift */,
			);
			path = MedicPage;
			sourceTree = "<group>";
		};
		BCC608432C783E0500EB5575 = {
			isa = PBXGroup;
			children = (
				BCC6084E2C783E0500EB5575 /* Healthcare */,
				BCC6084D2C783E0500EB5575 /* Products */,
			);
			sourceTree = "<group>";
		};
		BCC6084D2C783E0500EB5575 /* Products */ = {
			isa = PBXGroup;
			children = (
				BCC6084C2C783E0500EB5575 /* Healthcare.app */,
			);
			name = Products;
			sourceTree = "<group>";
		};
		BCC6084E2C783E0500EB5575 /* Healthcare */ = {
			isa = PBXGroup;
			children = (
				BCCC23DE2C7B0B4600E0A260 /* Models */,
				BCC608842C784ED200EB5575 /* CustomViews */,
				BCC608872C78570E00EB5575 /* Helpers */,
				BCC6087D2C78405A00EB5575 /* ViewControllers */,
				BCC6084F2C783E0500EB5575 /* HealthcareApp.swift */,
				BCC608552C783E0700EB5575 /* Assets.xcassets */,
				BCC608572C783E0700EB5575 /* Preview Content */,
			);
			path = Healthcare;
			sourceTree = "<group>";
		};
		BCC608572C783E0700EB5575 /* Preview Content */ = {
			isa = PBXGroup;
			children = (
				BCC608582C783E0700EB5575 /* Preview Assets.xcassets */,
			);
			path = "Preview Content";
			sourceTree = "<group>";
		};
		BCC6087D2C78405A00EB5575 /* ViewControllers */ = {
			isa = PBXGroup;
			children = (
				BCC608512C783E0500EB5575 /* RootView.swift */,
				BCC6087E2C78412A00EB5575 /* TabBarController */,
				BCC608812C7847A400EB5575 /* HomePage */,
				BCB738F02C7D8A9500135B79 /* MedicPage */,
			);
			path = ViewControllers;
			sourceTree = "<group>";
		};
		BCC6087E2C78412A00EB5575 /* TabBarController */ = {
			isa = PBXGroup;
			children = (
				BCC6087F2C78414F00EB5575 /* TabBarController.swift */,
			);
			path = TabBarController;
			sourceTree = "<group>";
		};
		BCC608812C7847A400EB5575 /* HomePage */ = {
			isa = PBXGroup;
			children = (
				BCC608822C7847C400EB5575 /* HomePage.swift */,
				BCD465CE2C7C3E6900D3177A /* HomePageFilter.swift */,
			);
			path = HomePage;
			sourceTree = "<group>";
		};
		BCC608842C784ED200EB5575 /* CustomViews */ = {
			isa = PBXGroup;
			children = (
				BC9512142C7D926B0049D71D /* MedicCell */,
				BCC608852C784EEA00EB5575 /* TabBarItem.swift */,
				BCC1823A2C7AE82A00A1DDF2 /* FilterButton.swift */,
				BCD465CC2C7C3CD200D3177A /* SearchBar.swift */,
			);
			path = CustomViews;
			sourceTree = "<group>";
		};
		BCC608872C78570E00EB5575 /* Helpers */ = {
			isa = PBXGroup;
			children = (
				BCC608882C78572400EB5575 /* Fonts.swift */,
			);
			path = Helpers;
			sourceTree = "<group>";
		};
		BCCC23DE2C7B0B4600E0A260 /* Models */ = {
			isa = PBXGroup;
			children = (
				BCCC23DF2C7B0BAC00E0A260 /* Filter.swift */,
				BCCC23E12C7B0BC200E0A260 /* Tabs.swift */,
			);
			path = Models;
			sourceTree = "<group>";
		};
/* End PBXGroup section */

/* Begin PBXNativeTarget section */
		BCC6084B2C783E0500EB5575 /* Healthcare */ = {
			isa = PBXNativeTarget;
			buildConfigurationList = BCC608722C783E0800EB5575 /* Build configuration list for PBXNativeTarget "Healthcare" */;
			buildPhases = (
				BCC608482C783E0500EB5575 /* Sources */,
				BCC608492C783E0500EB5575 /* Frameworks */,
				BCC6084A2C783E0500EB5575 /* Resources */,
			);
			buildRules = (
			);
			dependencies = (
			);
			name = Healthcare;
			productName = TestHealthcare;
			productReference = BCC6084C2C783E0500EB5575 /* Healthcare.app */;
			productType = "com.apple.product-type.application";
		};
/* End PBXNativeTarget section */

/* Begin PBXProject section */
		BCC608442C783E0500EB5575 /* Project object */ = {
			isa = PBXProject;
			attributes = {
				BuildIndependentTargetsInParallel = 1;
				LastSwiftUpdateCheck = 1540;
				LastUpgradeCheck = 1540;
				TargetAttributes = {
					BCC6084B2C783E0500EB5575 = {
						CreatedOnToolsVersion = 15.4;
					};
				};
			};
			buildConfigurationList = BCC608472C783E0500EB5575 /* Build configuration list for PBXProject "Healthcare" */;
			compatibilityVersion = "Xcode 14.0";
			developmentRegion = en;
			hasScannedForEncodings = 0;
			knownRegions = (
				en,
				Base,
			);
			mainGroup = BCC608432C783E0500EB5575;
			productRefGroup = BCC6084D2C783E0500EB5575 /* Products */;
			projectDirPath = "";
			projectRoot = "";
			targets = (
				BCC6084B2C783E0500EB5575 /* Healthcare */,
			);
		};
/* End PBXProject section */

/* Begin PBXResourcesBuildPhase section */
		BCC6084A2C783E0500EB5575 /* Resources */ = {
			isa = PBXResourcesBuildPhase;
			buildActionMask = 2147483647;
			files = (
				BCC608592C783E0700EB5575 /* Preview Assets.xcassets in Resources */,
				BCC608562C783E0700EB5575 /* Assets.xcassets in Resources */,
			);
			runOnlyForDeploymentPostprocessing = 0;
		};
/* End PBXResourcesBuildPhase section */

/* Begin PBXSourcesBuildPhase section */
		BCC608482C783E0500EB5575 /* Sources */ = {
			isa = PBXSourcesBuildPhase;
			buildActionMask = 2147483647;
			files = (
				BCC608802C78414F00EB5575 /* TabBarController.swift in Sources */,
				BCC608522C783E0500EB5575 /* RootView.swift in Sources */,
				BCC608862C784EEA00EB5575 /* TabBarItem.swift in Sources */,
				BCCC23E22C7B0BC200E0A260 /* Tabs.swift in Sources */,
				BCC608502C783E0500EB5575 /* HealthcareApp.swift in Sources */,
				BCC079EF2C79BB2C005345DB /* MedTableCell.swift in Sources */,
				BCC608892C78572400EB5575 /* Fonts.swift in Sources */,
				BCD465CF2C7C3E6900D3177A /* HomePageFilter.swift in Sources */,
				BCC608832C7847C400EB5575 /* HomePage.swift in Sources */,
				BCCC23E02C7B0BAC00E0A260 /* Filter.swift in Sources */,
				BC9512132C7D91B10049D71D /* MedicInfo.swift in Sources */,
				BCD465CD2C7C3CD200D3177A /* SearchBar.swift in Sources */,
				BC9512112C7D8AFC0049D71D /* MedicPage.swift in Sources */,
				BCC1823B2C7AE82A00A1DDF2 /* FilterButton.swift in Sources */,
			);
			runOnlyForDeploymentPostprocessing = 0;
		};
/* End PBXSourcesBuildPhase section */

/* Begin XCBuildConfiguration section */
		BCC608702C783E0800EB5575 /* Debug */ = {
			isa = XCBuildConfiguration;
			buildSettings = {
				ALWAYS_SEARCH_USER_PATHS = NO;
				ASSETCATALOG_COMPILER_GENERATE_SWIFT_ASSET_SYMBOL_EXTENSIONS = YES;
				CLANG_ANALYZER_NONNULL = YES;
				CLANG_ANALYZER_NUMBER_OBJECT_CONVERSION = YES_AGGRESSIVE;
				CLANG_CXX_LANGUAGE_STANDARD = "gnu++20";
				CLANG_ENABLE_MODULES = YES;
				CLANG_ENABLE_OBJC_ARC = YES;
				CLANG_ENABLE_OBJC_WEAK = YES;
				CLANG_WARN_BLOCK_CAPTURE_AUTORELEASING = YES;
				CLANG_WARN_BOOL_CONVERSION = YES;
				CLANG_WARN_COMMA = YES;
				CLANG_WARN_CONSTANT_CONVERSION = YES;
				CLANG_WARN_DEPRECATED_OBJC_IMPLEMENTATIONS = YES;
				CLANG_WARN_DIRECT_OBJC_ISA_USAGE = YES_ERROR;
				CLANG_WARN_DOCUMENTATION_COMMENTS = YES;
				CLANG_WARN_EMPTY_BODY = YES;
				CLANG_WARN_ENUM_CONVERSION = YES;
				CLANG_WARN_INFINITE_RECURSION = YES;
				CLANG_WARN_INT_CONVERSION = YES;
				CLANG_WARN_NON_LITERAL_NULL_CONVERSION = YES;
				CLANG_WARN_OBJC_IMPLICIT_RETAIN_SELF = YES;
				CLANG_WARN_OBJC_LITERAL_CONVERSION = YES;
				CLANG_WARN_OBJC_ROOT_CLASS = YES_ERROR;
				CLANG_WARN_QUOTED_INCLUDE_IN_FRAMEWORK_HEADER = YES;
				CLANG_WARN_RANGE_LOOP_ANALYSIS = YES;
				CLANG_WARN_STRICT_PROTOTYPES = YES;
				CLANG_WARN_SUSPICIOUS_MOVE = YES;
				CLANG_WARN_UNGUARDED_AVAILABILITY = YES_AGGRESSIVE;
				CLANG_WARN_UNREACHABLE_CODE = YES;
				CLANG_WARN__DUPLICATE_METHOD_MATCH = YES;
				COPY_PHASE_STRIP = NO;
				DEBUG_INFORMATION_FORMAT = dwarf;
				ENABLE_STRICT_OBJC_MSGSEND = YES;
				ENABLE_TESTABILITY = YES;
				ENABLE_USER_SCRIPT_SANDBOXING = YES;
				GCC_C_LANGUAGE_STANDARD = gnu17;
				GCC_DYNAMIC_NO_PIC = NO;
				GCC_NO_COMMON_BLOCKS = YES;
				GCC_OPTIMIZATION_LEVEL = 0;
				GCC_PREPROCESSOR_DEFINITIONS = (
					"DEBUG=1",
					"$(inherited)",
				);
				GCC_WARN_64_TO_32_BIT_CONVERSION = YES;
				GCC_WARN_ABOUT_RETURN_TYPE = YES_ERROR;
				GCC_WARN_UNDECLARED_SELECTOR = YES;
				GCC_WARN_UNINITIALIZED_AUTOS = YES_AGGRESSIVE;
				GCC_WARN_UNUSED_FUNCTION = YES;
				GCC_WARN_UNUSED_VARIABLE = YES;
				IPHONEOS_DEPLOYMENT_TARGET = 17.5;
				LOCALIZATION_PREFERS_STRING_CATALOGS = YES;
				MTL_ENABLE_DEBUG_INFO = INCLUDE_SOURCE;
				MTL_FAST_MATH = YES;
				ONLY_ACTIVE_ARCH = YES;
				SDKROOT = iphoneos;
				SWIFT_ACTIVE_COMPILATION_CONDITIONS = "DEBUG $(inherited)";
				SWIFT_OPTIMIZATION_LEVEL = "-Onone";
			};
			name = Debug;
		};
		BCC608712C783E0800EB5575 /* Release */ = {
			isa = XCBuildConfiguration;
			buildSettings = {
				ALWAYS_SEARCH_USER_PATHS = NO;
				ASSETCATALOG_COMPILER_GENERATE_SWIFT_ASSET_SYMBOL_EXTENSIONS = YES;
				CLANG_ANALYZER_NONNULL = YES;
				CLANG_ANALYZER_NUMBER_OBJECT_CONVERSION = YES_AGGRESSIVE;
				CLANG_CXX_LANGUAGE_STANDARD = "gnu++20";
				CLANG_ENABLE_MODULES = YES;
				CLANG_ENABLE_OBJC_ARC = YES;
				CLANG_ENABLE_OBJC_WEAK = YES;
				CLANG_WARN_BLOCK_CAPTURE_AUTORELEASING = YES;
				CLANG_WARN_BOOL_CONVERSION = YES;
				CLANG_WARN_COMMA = YES;
				CLANG_WARN_CONSTANT_CONVERSION = YES;
				CLANG_WARN_DEPRECATED_OBJC_IMPLEMENTATIONS = YES;
				CLANG_WARN_DIRECT_OBJC_ISA_USAGE = YES_ERROR;
				CLANG_WARN_DOCUMENTATION_COMMENTS = YES;
				CLANG_WARN_EMPTY_BODY = YES;
				CLANG_WARN_ENUM_CONVERSION = YES;
				CLANG_WARN_INFINITE_RECURSION = YES;
				CLANG_WARN_INT_CONVERSION = YES;
				CLANG_WARN_NON_LITERAL_NULL_CONVERSION = YES;
				CLANG_WARN_OBJC_IMPLICIT_RETAIN_SELF = YES;
				CLANG_WARN_OBJC_LITERAL_CONVERSION = YES;
				CLANG_WARN_OBJC_ROOT_CLASS = YES_ERROR;
				CLANG_WARN_QUOTED_INCLUDE_IN_FRAMEWORK_HEADER = YES;
				CLANG_WARN_RANGE_LOOP_ANALYSIS = YES;
				CLANG_WARN_STRICT_PROTOTYPES = YES;
				CLANG_WARN_SUSPICIOUS_MOVE = YES;
				CLANG_WARN_UNGUARDED_AVAILABILITY = YES_AGGRESSIVE;
				CLANG_WARN_UNREACHABLE_CODE = YES;
				CLANG_WARN__DUPLICATE_METHOD_MATCH = YES;
				COPY_PHASE_STRIP = NO;
				DEBUG_INFORMATION_FORMAT = "dwarf-with-dsym";
				ENABLE_NS_ASSERTIONS = NO;
				ENABLE_STRICT_OBJC_MSGSEND = YES;
				ENABLE_USER_SCRIPT_SANDBOXING = YES;
				GCC_C_LANGUAGE_STANDARD = gnu17;
				GCC_NO_COMMON_BLOCKS = YES;
				GCC_WARN_64_TO_32_BIT_CONVERSION = YES;
				GCC_WARN_ABOUT_RETURN_TYPE = YES_ERROR;
				GCC_WARN_UNDECLARED_SELECTOR = YES;
				GCC_WARN_UNINITIALIZED_AUTOS = YES_AGGRESSIVE;
				GCC_WARN_UNUSED_FUNCTION = YES;
				GCC_WARN_UNUSED_VARIABLE = YES;
				IPHONEOS_DEPLOYMENT_TARGET = 17.5;
				LOCALIZATION_PREFERS_STRING_CATALOGS = YES;
				MTL_ENABLE_DEBUG_INFO = NO;
				MTL_FAST_MATH = YES;
				SDKROOT = iphoneos;
				SWIFT_COMPILATION_MODE = wholemodule;
				VALIDATE_PRODUCT = YES;
			};
			name = Release;
		};
		BCC608732C783E0800EB5575 /* Debug */ = {
			isa = XCBuildConfiguration;
			buildSettings = {
				ASSETCATALOG_COMPILER_APPICON_NAME = AppIcon;
				ASSETCATALOG_COMPILER_GLOBAL_ACCENT_COLOR_NAME = AccentColor;
				CODE_SIGN_STYLE = Automatic;
				CURRENT_PROJECT_VERSION = 1;
				DEVELOPMENT_ASSET_PATHS = "\"Healthcare/Preview Content\"";
				DEVELOPMENT_TEAM = 8V4HQNY692;
				ENABLE_PREVIEWS = YES;
				GENERATE_INFOPLIST_FILE = YES;
				INFOPLIST_KEY_UIApplicationSceneManifest_Generation = YES;
				INFOPLIST_KEY_UIApplicationSupportsIndirectInputEvents = YES;
				INFOPLIST_KEY_UILaunchScreen_Generation = YES;
				INFOPLIST_KEY_UISupportedInterfaceOrientations_iPad = "UIInterfaceOrientationPortrait UIInterfaceOrientationPortraitUpsideDown UIInterfaceOrientationLandscapeLeft UIInterfaceOrientationLandscapeRight";
				INFOPLIST_KEY_UISupportedInterfaceOrientations_iPhone = "UIInterfaceOrientationPortrait UIInterfaceOrientationLandscapeLeft UIInterfaceOrientationLandscapeRight";
				LD_RUNPATH_SEARCH_PATHS = (
					"$(inherited)",
					"@executable_path/Frameworks",
				);
				MARKETING_VERSION = 1.0;
				PRODUCT_BUNDLE_IDENTIFIER = ru.practicum.Timurkaev.Healthcare;
				PRODUCT_NAME = "$(TARGET_NAME)";
				SWIFT_EMIT_LOC_STRINGS = YES;
				SWIFT_VERSION = 5.0;
				TARGETED_DEVICE_FAMILY = "1,2";
			};
			name = Debug;
		};
		BCC608742C783E0800EB5575 /* Release */ = {
			isa = XCBuildConfiguration;
			buildSettings = {
				ASSETCATALOG_COMPILER_APPICON_NAME = AppIcon;
				ASSETCATALOG_COMPILER_GLOBAL_ACCENT_COLOR_NAME = AccentColor;
				CODE_SIGN_STYLE = Automatic;
				CURRENT_PROJECT_VERSION = 1;
				DEVELOPMENT_ASSET_PATHS = "\"Healthcare/Preview Content\"";
				DEVELOPMENT_TEAM = 8V4HQNY692;
				ENABLE_PREVIEWS = YES;
				GENERATE_INFOPLIST_FILE = YES;
				INFOPLIST_KEY_UIApplicationSceneManifest_Generation = YES;
				INFOPLIST_KEY_UIApplicationSupportsIndirectInputEvents = YES;
				INFOPLIST_KEY_UILaunchScreen_Generation = YES;
				INFOPLIST_KEY_UISupportedInterfaceOrientations_iPad = "UIInterfaceOrientationPortrait UIInterfaceOrientationPortraitUpsideDown UIInterfaceOrientationLandscapeLeft UIInterfaceOrientationLandscapeRight";
				INFOPLIST_KEY_UISupportedInterfaceOrientations_iPhone = "UIInterfaceOrientationPortrait UIInterfaceOrientationLandscapeLeft UIInterfaceOrientationLandscapeRight";
				LD_RUNPATH_SEARCH_PATHS = (
					"$(inherited)",
					"@executable_path/Frameworks",
				);
				MARKETING_VERSION = 1.0;
				PRODUCT_BUNDLE_IDENTIFIER = ru.practicum.Timurkaev.Healthcare;
				PRODUCT_NAME = "$(TARGET_NAME)";
				SWIFT_EMIT_LOC_STRINGS = YES;
				SWIFT_VERSION = 5.0;
				TARGETED_DEVICE_FAMILY = "1,2";
			};
			name = Release;
		};
/* End XCBuildConfiguration section */

/* Begin XCConfigurationList section */
		BCC608472C783E0500EB5575 /* Build configuration list for PBXProject "Healthcare" */ = {
			isa = XCConfigurationList;
			buildConfigurations = (
				BCC608702C783E0800EB5575 /* Debug */,
				BCC608712C783E0800EB5575 /* Release */,
			);
			defaultConfigurationIsVisible = 0;
			defaultConfigurationName = Release;
		};
		BCC608722C783E0800EB5575 /* Build configuration list for PBXNativeTarget "Healthcare" */ = {
			isa = XCConfigurationList;
			buildConfigurations = (
				BCC608732C783E0800EB5575 /* Debug */,
				BCC608742C783E0800EB5575 /* Release */,
			);
			defaultConfigurationIsVisible = 0;
			defaultConfigurationName = Release;
		};
/* End XCConfigurationList section */
	};
	rootObject = BCC608442C783E0500EB5575 /* Project object */;
}
